Microsoft Visual Studio Solution File, Format Version 11.00
# Visual Studio 2008

Project("{55A1EA4D-E0EE-DD23-CB25-982B5372BE92}") = "Sandwich", "Assembly-CSharp-firstpass.csproj", "{B6063259-3F35-0028-79FD-A0DCE1F8D476}"
EndProject
Project("{55A1EA4D-E0EE-DD23-CB25-982B5372BE92}") = "Sandwich", "Assembly-CSharp.csproj", "{8B6F7BEC-52E8-F0C3-3917-39023C94D257}"
EndProject
Project("{55A1EA4D-E0EE-DD23-CB25-982B5372BE92}") = "Sandwich", "Assembly-CSharp-Editor.csproj", "{AAEBA6A2-FB5B-3E4B-337C-499A64595EDB}"
EndProject
Global
	GlobalSection(SolutionConfigurationPlatforms) = preSolution
		Debug|Any CPU = Debug|Any CPU
		Release|Any CPU = Release|Any CPU
	EndGlobalSection
	GlobalSection(ProjectConfigurationPlatforms) = postSolution
		{B6063259-3F35-0028-79FD-A0DCE1F8D476}.Debug|Any CPU.ActiveCfg = Debug|Any CPU
		{B6063259-3F35-0028-79FD-A0DCE1F8D476}.Debug|Any CPU.Build.0 = Debug|Any CPU
		{B6063259-3F35-0028-79FD-A0DCE1F8D476}.Release|Any CPU.ActiveCfg = Release|Any CPU
		{B6063259-3F35-0028-79FD-A0DCE1F8D476}.Release|Any CPU.Build.0 = Release|Any CPU
		{8B6F7BEC-52E8-F0C3-3917-39023C94D257}.Debug|Any CPU.ActiveCfg = Debug|Any CPU
		{8B6F7BEC-52E8-F0C3-3917-39023C94D257}.Debug|Any CPU.Build.0 = Debug|Any CPU
		{8B6F7BEC-52E8-F0C3-3917-39023C94D257}.Release|Any CPU.ActiveCfg = Release|Any CPU
		{8B6F7BEC-52E8-F0C3-3917-39023C94D257}.Release|Any CPU.Build.0 = Release|Any CPU
		{AAEBA6A2-FB5B-3E4B-337C-499A64595EDB}.Debug|Any CPU.ActiveCfg = Debug|Any CPU
		{AAEBA6A2-FB5B-3E4B-337C-499A64595EDB}.Debug|Any CPU.Build.0 = Debug|Any CPU
		{AAEBA6A2-FB5B-3E4B-337C-499A64595EDB}.Release|Any CPU.ActiveCfg = Release|Any CPU
		{AAEBA6A2-FB5B-3E4B-337C-499A64595EDB}.Release|Any CPU.Build.0 = Release|Any CPU
	EndGlobalSection
	GlobalSection(SolutionProperties) = preSolution
		HideSolutionNode = FALSE
	EndGlobalSection
	GlobalSection(MonoDevelopProperties) = preSolution
		StartupItem = Assembly-CSharp.csproj
	EndGlobalSection
EndGlobal
