
Microsoft Visual Studio Solution File, Format Version 12.00
# Visual Studio 2015
Project("{FAE04EC0-301F-11D3-BF4B-00C04F79EFBC}") = "Sandwich.CSharp.Plugins", "Sandwich.CSharp.Plugins.csproj", "{C1947A94-73A7-5F31-687F-CB8783D4689E}"
EndProject
Project("{FAE04EC0-301F-11D3-BF4B-00C04F79EFBC}") = "Sandwich.CSharp", "Sandwich.CSharp.csproj", "{E85D4F8D-6623-581E-C1B4-B240206455A0}"
EndProject
Project("{FAE04EC0-301F-11D3-BF4B-00C04F79EFBC}") = "Sandwich.CSharp.Editor", "Sandwich.CSharp.Editor.csproj", "{E9D3A71A-7B6B-E5FE-5F46-8BCA89D511A2}"
EndProject
Global
	GlobalSection(SolutionConfigurationPlatforms) = preSolution
		Debug|Any CPU = Debug|Any CPU
		Release|Any CPU = Release|Any CPU
	EndGlobalSection
	GlobalSection(ProjectConfigurationPlatforms) = postSolution
		{C1947A94-73A7-5F31-687F-CB8783D4689E}.Debug|Any CPU.ActiveCfg = Debug|Any CPU
		{C1947A94-73A7-5F31-687F-CB8783D4689E}.Debug|Any CPU.Build.0 = Debug|Any CPU
		{C1947A94-73A7-5F31-687F-CB8783D4689E}.Release|Any CPU.ActiveCfg = Release|Any CPU
		{C1947A94-73A7-5F31-687F-CB8783D4689E}.Release|Any CPU.Build.0 = Release|Any CPU
		{E85D4F8D-6623-581E-C1B4-B240206455A0}.Debug|Any CPU.ActiveCfg = Debug|Any CPU
		{E85D4F8D-6623-581E-C1B4-B240206455A0}.Debug|Any CPU.Build.0 = Debug|Any CPU
		{E85D4F8D-6623-581E-C1B4-B240206455A0}.Release|Any CPU.ActiveCfg = Release|Any CPU
		{E85D4F8D-6623-581E-C1B4-B240206455A0}.Release|Any CPU.Build.0 = Release|Any CPU
		{E9D3A71A-7B6B-E5FE-5F46-8BCA89D511A2}.Debug|Any CPU.ActiveCfg = Debug|Any CPU
		{E9D3A71A-7B6B-E5FE-5F46-8BCA89D511A2}.Debug|Any CPU.Build.0 = Debug|Any CPU
		{E9D3A71A-7B6B-E5FE-5F46-8BCA89D511A2}.Release|Any CPU.ActiveCfg = Release|Any CPU
		{E9D3A71A-7B6B-E5FE-5F46-8BCA89D511A2}.Release|Any CPU.Build.0 = Release|Any CPU
	EndGlobalSection
	GlobalSection(SolutionProperties) = preSolution
		HideSolutionNode = FALSE
	EndGlobalSection
EndGlobal
